// !$*UTF8*$!
{
	archiveVersion = 1;
	classes = {
	};
	objectVersion = 56;
	objects = {

/* Begin PBXBuildFile section */
		3F9BF5352A9B3061004F3AAA /* quotesApp.swift in Sources */ = {isa = PBXBuildFile; fileRef = 3F9BF5342A9B3061004F3AAA /* quotesApp.swift */; };
		3F9BF5372A9B3061004F3AAA /* ContentView.swift in Sources */ = {isa = PBXBuildFile; fileRef = 3F9BF5362A9B3061004F3AAA /* ContentView.swift */; };
		3F9BF5392A9B3063004F3AAA /* Assets.xcassets in Resources */ = {isa = PBXBuildFile; fileRef = 3F9BF5382A9B3063004F3AAA /* Assets.xcassets */; };
		3F9BF53C2A9B3063004F3AAA /* Preview Assets.xcassets in Resources */ = {isa = PBXBuildFile; fileRef = 3F9BF53B2A9B3063004F3AAA /* Preview Assets.xcassets */; };
		3F9BF5432A9B9DD0004F3AAA /* Quote.swift in Sources */ = {isa = PBXBuildFile; fileRef = 3F9BF5422A9B9DD0004F3AAA /* Quote.swift */; };
		3F9BF5452A9B9DFA004F3AAA /* QuoteResponse.swift in Sources */ = {isa = PBXBuildFile; fileRef = 3F9BF5442A9B9DFA004F3AAA /* QuoteResponse.swift */; };
		3F9BF5472A9B9E15004F3AAA /* QuoteError.swift in Sources */ = {isa = PBXBuildFile; fileRef = 3F9BF5462A9B9E15004F3AAA /* QuoteError.swift */; };
/* End PBXBuildFile section */

/* Begin PBXFileReference section */
		3F9BF5312A9B3061004F3AAA /* quotes.app */ = {isa = PBXFileReference; explicitFileType = wrapper.application; includeInIndex = 0; path = quotes.app; sourceTree = BUILT_PRODUCTS_DIR; };
		3F9BF5342A9B3061004F3AAA /* quotesApp.swift */ = {isa = PBXFileReference; lastKnownFileType = sourcecode.swift; path = quotesApp.swift; sourceTree = "<group>"; };
		3F9BF5362A9B3061004F3AAA /* ContentView.swift */ = {isa = PBXFileReference; lastKnownFileType = sourcecode.swift; path = ContentView.swift; sourceTree = "<group>"; };
		3F9BF5382A9B3063004F3AAA /* Assets.xcassets */ = {isa = PBXFileReference; lastKnownFileType = folder.assetcatalog; path = Assets.xcassets; sourceTree = "<group>"; };
		3F9BF53B2A9B3063004F3AAA /* Preview Assets.xcassets */ = {isa = PBXFileReference; lastKnownFileType = folder.assetcatalog; path = "Preview Assets.xcassets"; sourceTree = "<group>"; };
		3F9BF5422A9B9DD0004F3AAA /* Quote.swift */ = {isa = PBXFileReference; lastKnownFileType = sourcecode.swift; path = Quote.swift; sourceTree = "<group>"; };
		3F9BF5442A9B9DFA004F3AAA /* QuoteResponse.swift */ = {isa = PBXFileReference; lastKnownFileType = sourcecode.swift; path = QuoteResponse.swift; sourceTree = "<group>"; };
		3F9BF5462A9B9E15004F3AAA /* QuoteError.swift */ = {isa = PBXFileReference; lastKnownFileType = sourcecode.swift; path = QuoteError.swift; sourceTree = "<group>"; };
		3F9BF54A2A9BA561004F3AAA /* Config.xcconfig */ = {isa = PBXFileReference; lastKnownFileType = text.xcconfig; name = Config.xcconfig; path = ../Config.xcconfig; sourceTree = "<group>"; };
/* End PBXFileReference section */

/* Begin PBXFrameworksBuildPhase section */
		3F9BF52E2A9B3061004F3AAA /* Frameworks */ = {
			isa = PBXFrameworksBuildPhase;
			buildActionMask = 2147483647;
			files = (
			);
			runOnlyForDeploymentPostprocessing = 0;
		};
/* End PBXFrameworksBuildPhase section */

/* Begin PBXGroup section */
		3F9BF5282A9B3061004F3AAA = {
			isa = PBXGroup;
			children = (
				3F9BF5332A9B3061004F3AAA /* quotes */,
				3F9BF5322A9B3061004F3AAA /* Products */,
			);
			sourceTree = "<group>";
		};
		3F9BF5322A9B3061004F3AAA /* Products */ = {
			isa = PBXGroup;
			children = (
				3F9BF5312A9B3061004F3AAA /* quotes.app */,
			);
			name = Products;
			sourceTree = "<group>";
		};
		3F9BF5332A9B3061004F3AAA /* quotes */ = {
			isa = PBXGroup;
			children = (
				3F9BF5342A9B3061004F3AAA /* quotesApp.swift */,
				3F9BF5362A9B3061004F3AAA /* ContentView.swift */,
				3F9BF5422A9B9DD0004F3AAA /* Quote.swift */,
				3F9BF5442A9B9DFA004F3AAA /* QuoteResponse.swift */,
				3F9BF5462A9B9E15004F3AAA /* QuoteError.swift */,
				3F9BF54A2A9BA561004F3AAA /* Config.xcconfig */,
				3F9BF5382A9B3063004F3AAA /* Assets.xcassets */,
				3F9BF53A2A9B3063004F3AAA /* Preview Content */,
			);
			path = quotes;
			sourceTree = "<group>";
		};
		3F9BF53A2A9B3063004F3AAA /* Preview Content */ = {
			isa = PBXGroup;
			children = (
				3F9BF53B2A9B3063004F3AAA /* Preview Assets.xcassets */,
			);
			path = "Preview Content";
			sourceTree = "<group>";
		};
/* End PBXGroup section */

/* Begin PBXNativeTarget section */
		3F9BF5302A9B3061004F3AAA /* quotes */ = {
			isa = PBXNativeTarget;
			buildConfigurationList = 3F9BF53F2A9B3063004F3AAA /* Build configuration list for PBXNativeTarget "quotes" */;
			buildPhases = (
				3F9BF52D2A9B3061004F3AAA /* Sources */,
				3F9BF52E2A9B3061004F3AAA /* Frameworks */,
				3F9BF52F2A9B3061004F3AAA /* Resources */,
			);
			buildRules = (
			);
			dependencies = (
			);
			name = quotes;
			productName = quotes;
			productReference = 3F9BF5312A9B3061004F3AAA /* quotes.app */;
			productType = "com.apple.product-type.application";
		};
/* End PBXNativeTarget section */

/* Begin PBXProject section */
		3F9BF5292A9B3061004F3AAA /* Project object */ = {
			isa = PBXProject;
			attributes = {
				BuildIndependentTargetsInParallel = 1;
				LastSwiftUpdateCheck = 1430;
				LastUpgradeCheck = 1430;
				TargetAttributes = {
					3F9BF5302A9B3061004F3AAA = {
						CreatedOnToolsVersion = 14.3.1;
					};
				};
			};
			buildConfigurationList = 3F9BF52C2A9B3061004F3AAA /* Build configuration list for PBXProject "quotes" */;
			compatibilityVersion = "Xcode 14.0";
			developmentRegion = en;
			hasScannedForEncodings = 0;
			knownRegions = (
				en,
				Base,
			);
			mainGroup = 3F9BF5282A9B3061004F3AAA;
			productRefGroup = 3F9BF5322A9B3061004F3AAA /* Products */;
			projectDirPath = "";
			projectRoot = "";
			targets = (
				3F9BF5302A9B3061004F3AAA /* quotes */,
			);
		};
/* End PBXProject section */

/* Begin PBXResourcesBuildPhase section */
		3F9BF52F2A9B3061004F3AAA /* Resources */ = {
			isa = PBXResourcesBuildPhase;
			buildActionMask = 2147483647;
			files = (
				3F9BF53C2A9B3063004F3AAA /* Preview Assets.xcassets in Resources */,
				3F9BF5392A9B3063004F3AAA /* Assets.xcassets in Resources */,
			);
			runOnlyForDeploymentPostprocessing = 0;
		};
/* End PBXResourcesBuildPhase section */

/* Begin PBXSourcesBuildPhase section */
		3F9BF52D2A9B3061004F3AAA /* Sources */ = {
			isa = PBXSourcesBuildPhase;
			buildActionMask = 2147483647;
			files = (
				3F9BF5372A9B3061004F3AAA /* ContentView.swift in Sources */,
				3F9BF5432A9B9DD0004F3AAA /* Quote.swift in Sources */,
				3F9BF5472A9B9E15004F3AAA /* QuoteError.swift in Sources */,
				3F9BF5352A9B3061004F3AAA /* quotesApp.swift in Sources */,
				3F9BF5452A9B9DFA004F3AAA /* QuoteResponse.swift in Sources */,
			);
			runOnlyForDeploymentPostprocessing = 0;
		};
/* End PBXSourcesBuildPhase section */

/* Begin XCBuildConfiguration section */
		3F9BF53D2A9B3063004F3AAA /* Debug */ = {
			isa = XCBuildConfiguration;
			baseConfigurationReference = 3F9BF54A2A9BA561004F3AAA /* Config.xcconfig */;
			buildSettings = {
				ALWAYS_SEARCH_USER_PATHS = NO;
				CLANG_ANALYZER_NONNULL = YES;
				CLANG_ANALYZER_NUMBER_OBJECT_CONVERSION = YES_AGGRESSIVE;
				CLANG_CXX_LANGUAGE_STANDARD = "gnu++20";
				CLANG_ENABLE_MODULES = YES;
				CLANG_ENABLE_OBJC_ARC = YES;
				CLANG_ENABLE_OBJC_WEAK = YES;
				CLANG_WARN_BLOCK_CAPTURE_AUTORELEASING = YES;
				CLANG_WARN_BOOL_CONVERSION = YES;
				CLANG_WARN_COMMA = YES;
				CLANG_WARN_CONSTANT_CONVERSION = YES;
				CLANG_WARN_DEPRECATED_OBJC_IMPLEMENTATIONS = YES;
				CLANG_WARN_DIRECT_OBJC_ISA_USAGE = YES_ERROR;
				CLANG_WARN_DOCUMENTATION_COMMENTS = YES;
				CLANG_WARN_EMPTY_BODY = YES;
				CLANG_WARN_ENUM_CONVERSION = YES;
				CLANG_WARN_INFINITE_RECURSION = YES;
				CLANG_WARN_INT_CONVERSION = YES;
				CLANG_WARN_NON_LITERAL_NULL_CONVERSION = YES;
				CLANG_WARN_OBJC_IMPLICIT_RETAIN_SELF = YES;
				CLANG_WARN_OBJC_LITERAL_CONVERSION = YES;
				CLANG_WARN_OBJC_ROOT_CLASS = YES_ERROR;
				CLANG_WARN_QUOTED_INCLUDE_IN_FRAMEWORK_HEADER = YES;
				CLANG_WARN_RANGE_LOOP_ANALYSIS = YES;
				CLANG_WARN_STRICT_PROTOTYPES = YES;
				CLANG_WARN_SUSPICIOUS_MOVE = YES;
				CLANG_WARN_UNGUARDED_AVAILABILITY = YES_AGGRESSIVE;
				CLANG_WARN_UNREACHABLE_CODE = YES;
				CLANG_WARN__DUPLICATE_METHOD_MATCH = YES;
				COPY_PHASE_STRIP = NO;
				DEBUG_INFORMATION_FORMAT = dwarf;
				ENABLE_STRICT_OBJC_MSGSEND = YES;
				ENABLE_TESTABILITY = YES;
				GCC_C_LANGUAGE_STANDARD = gnu11;
				GCC_DYNAMIC_NO_PIC = NO;
				GCC_NO_COMMON_BLOCKS = YES;
				GCC_OPTIMIZATION_LEVEL = 0;
				GCC_PREPROCESSOR_DEFINITIONS = (
					"DEBUG=1",
					"$(inherited)",
				);
				GCC_WARN_64_TO_32_BIT_CONVERSION = YES;
				GCC_WARN_ABOUT_RETURN_TYPE = YES_ERROR;
				GCC_WARN_UNDECLARED_SELECTOR = YES;
				GCC_WARN_UNINITIALIZED_AUTOS = YES_AGGRESSIVE;
				GCC_WARN_UNUSED_FUNCTION = YES;
				GCC_WARN_UNUSED_VARIABLE = YES;
				IPHONEOS_DEPLOYMENT_TARGET = 16.4;
				MTL_ENABLE_DEBUG_INFO = INCLUDE_SOURCE;
				MTL_FAST_MATH = YES;
				ONLY_ACTIVE_ARCH = YES;
				SDKROOT = iphoneos;
				SWIFT_ACTIVE_COMPILATION_CONDITIONS = DEBUG;
				SWIFT_OPTIMIZATION_LEVEL = "-Onone";
			};
			name = Debug;
		};
		3F9BF53E2A9B3063004F3AAA /* Release */ = {
			isa = XCBuildConfiguration;
			baseConfigurationReference = 3F9BF54A2A9BA561004F3AAA /* Config.xcconfig */;
			buildSettings = {
				ALWAYS_SEARCH_USER_PATHS = NO;
				CLANG_ANALYZER_NONNULL = YES;
				CLANG_ANALYZER_NUMBER_OBJECT_CONVERSION = YES_AGGRESSIVE;
				CLANG_CXX_LANGUAGE_STANDARD = "gnu++20";
				CLANG_ENABLE_MODULES = YES;
				CLANG_ENABLE_OBJC_ARC = YES;
				CLANG_ENABLE_OBJC_WEAK = YES;
				CLANG_WARN_BLOCK_CAPTURE_AUTORELEASING = YES;
				CLANG_WARN_BOOL_CONVERSION = YES;
				CLANG_WARN_COMMA = YES;
				CLANG_WARN_CONSTANT_CONVERSION = YES;
				CLANG_WARN_DEPRECATED_OBJC_IMPLEMENTATIONS = YES;
				CLANG_WARN_DIRECT_OBJC_ISA_USAGE = YES_ERROR;
				CLANG_WARN_DOCUMENTATION_COMMENTS = YES;
				CLANG_WARN_EMPTY_BODY = YES;
				CLANG_WARN_ENUM_CONVERSION = YES;
				CLANG_WARN_INFINITE_RECURSION = YES;
				CLANG_WARN_INT_CONVERSION = YES;
				CLANG_WARN_NON_LITERAL_NULL_CONVERSION = YES;
				CLANG_WARN_OBJC_IMPLICIT_RETAIN_SELF = YES;
				CLANG_WARN_OBJC_LITERAL_CONVERSION = YES;
				CLANG_WARN_OBJC_ROOT_CLASS = YES_ERROR;
				CLANG_WARN_QUOTED_INCLUDE_IN_FRAMEWORK_HEADER = YES;
				CLANG_WARN_RANGE_LOOP_ANALYSIS = YES;
				CLANG_WARN_STRICT_PROTOTYPES = YES;
				CLANG_WARN_SUSPICIOUS_MOVE = YES;
				CLANG_WARN_UNGUARDED_AVAILABILITY = YES_AGGRESSIVE;
				CLANG_WARN_UNREACHABLE_CODE = YES;
				CLANG_WARN__DUPLICATE_METHOD_MATCH = YES;
				COPY_PHASE_STRIP = NO;
				DEBUG_INFORMATION_FORMAT = "dwarf-with-dsym";
				ENABLE_NS_ASSERTIONS = NO;
				ENABLE_STRICT_OBJC_MSGSEND = YES;
				GCC_C_LANGUAGE_STANDARD = gnu11;
				GCC_NO_COMMON_BLOCKS = YES;
				GCC_WARN_64_TO_32_BIT_CONVERSION = YES;
				GCC_WARN_ABOUT_RETURN_TYPE = YES_ERROR;
				GCC_WARN_UNDECLARED_SELECTOR = YES;
				GCC_WARN_UNINITIALIZED_AUTOS = YES_AGGRESSIVE;
				GCC_WARN_UNUSED_FUNCTION = YES;
				GCC_WARN_UNUSED_VARIABLE = YES;
				IPHONEOS_DEPLOYMENT_TARGET = 16.4;
				MTL_ENABLE_DEBUG_INFO = NO;
				MTL_FAST_MATH = YES;
				SDKROOT = iphoneos;
				SWIFT_COMPILATION_MODE = wholemodule;
				SWIFT_OPTIMIZATION_LEVEL = "-O";
				VALIDATE_PRODUCT = YES;
			};
			name = Release;
		};
		3F9BF5402A9B3063004F3AAA /* Debug */ = {
			isa = XCBuildConfiguration;
			baseConfigurationReference = 3F9BF54A2A9BA561004F3AAA /* Config.xcconfig */;
			buildSettings = {
				ASSETCATALOG_COMPILER_APPICON_NAME = AppIcon;
				ASSETCATALOG_COMPILER_GLOBAL_ACCENT_COLOR_NAME = AccentColor;
				CODE_SIGN_STYLE = Automatic;
				CURRENT_PROJECT_VERSION = 1;
				DEVELOPMENT_ASSET_PATHS = "\"quotes/Preview Content\"";
				DEVELOPMENT_TEAM = G8H39BQ5UM;
				ENABLE_PREVIEWS = YES;
				GENERATE_INFOPLIST_FILE = YES;
				INFOPLIST_FILE = quotes/Info.plist;
				INFOPLIST_KEY_UIApplicationSceneManifest_Generation = YES;
				INFOPLIST_KEY_UIApplicationSupportsIndirectInputEvents = YES;
				INFOPLIST_KEY_UILaunchScreen_Generation = YES;
				INFOPLIST_KEY_UISupportedInterfaceOrientations_iPad = "UIInterfaceOrientationPortrait UIInterfaceOrientationPortraitUpsideDown UIInterfaceOrientationLandscapeLeft UIInterfaceOrientationLandscapeRight";
				INFOPLIST_KEY_UISupportedInterfaceOrientations_iPhone = "UIInterfaceOrientationPortrait UIInterfaceOrientationLandscapeLeft UIInterfaceOrientationLandscapeRight";
				LD_RUNPATH_SEARCH_PATHS = (
					"$(inherited)",
					"@executable_path/Frameworks",
				);
				MARKETING_VERSION = 1.0;
				PRODUCT_BUNDLE_IDENTIFIER = aysilsimge.quotes;
				PRODUCT_NAME = "$(TARGET_NAME)";
				SWIFT_ACTIVE_COMPILATION_CONDITIONS = "";
				SWIFT_EMIT_LOC_STRINGS = YES;
				SWIFT_VERSION = 5.0;
				TARGETED_DEVICE_FAMILY = "1,2";
			};
			name = Debug;
		};
		3F9BF5412A9B3063004F3AAA /* Release */ = {
			isa = XCBuildConfiguration;
			baseConfigurationReference = 3F9BF54A2A9BA561004F3AAA /* Config.xcconfig */;
			buildSettings = {
				ASSETCATALOG_COMPILER_APPICON_NAME = AppIcon;
				ASSETCATALOG_COMPILER_GLOBAL_ACCENT_COLOR_NAME = AccentColor;
				CODE_SIGN_STYLE = Automatic;
				CURRENT_PROJECT_VERSION = 1;
				DEVELOPMENT_ASSET_PATHS = "\"quotes/Preview Content\"";
				DEVELOPMENT_TEAM = G8H39BQ5UM;
				ENABLE_PREVIEWS = YES;
				GENERATE_INFOPLIST_FILE = YES;
				INFOPLIST_FILE = quotes/Info.plist;
				INFOPLIST_KEY_UIApplicationSceneManifest_Generation = YES;
				INFOPLIST_KEY_UIApplicationSupportsIndirectInputEvents = YES;
				INFOPLIST_KEY_UILaunchScreen_Generation = YES;
				INFOPLIST_KEY_UISupportedInterfaceOrientations_iPad = "UIInterfaceOrientationPortrait UIInterfaceOrientationPortraitUpsideDown UIInterfaceOrientationLandscapeLeft UIInterfaceOrientationLandscapeRight";
				INFOPLIST_KEY_UISupportedInterfaceOrientations_iPhone = "UIInterfaceOrientationPortrait UIInterfaceOrientationLandscapeLeft UIInterfaceOrientationLandscapeRight";
				LD_RUNPATH_SEARCH_PATHS = (
					"$(inherited)",
					"@executable_path/Frameworks",
				);
				MARKETING_VERSION = 1.0;
				OTHER_SWIFT_FLAGS = "";
				PRODUCT_BUNDLE_IDENTIFIER = aysilsimge.quotes;
				PRODUCT_NAME = "$(TARGET_NAME)";
				SWIFT_ACTIVE_COMPILATION_CONDITIONS = "";
				SWIFT_EMIT_LOC_STRINGS = YES;
				SWIFT_VERSION = 5.0;
				TARGETED_DEVICE_FAMILY = "1,2";
			};
			name = Release;
		};
/* End XCBuildConfiguration section */

/* Begin XCConfigurationList section */
		3F9BF52C2A9B3061004F3AAA /* Build configuration list for PBXProject "quotes" */ = {
			isa = XCConfigurationList;
			buildConfigurations = (
				3F9BF53D2A9B3063004F3AAA /* Debug */,
				3F9BF53E2A9B3063004F3AAA /* Release */,
			);
			defaultConfigurationIsVisible = 0;
			defaultConfigurationName = Release;
		};
		3F9BF53F2A9B3063004F3AAA /* Build configuration list for PBXNativeTarget "quotes" */ = {
			isa = XCConfigurationList;
			buildConfigurations = (
				3F9BF5402A9B3063004F3AAA /* Debug */,
				3F9BF5412A9B3063004F3AAA /* Release */,
			);
			defaultConfigurationIsVisible = 0;
			defaultConfigurationName = Release;
		};
/* End XCConfigurationList section */
	};
	rootObject = 3F9BF5292A9B3061004F3AAA /* Project object */;
}
